
Microsoft Visual Studio Solution File, Format Version 12.00
# Visual Studio Version 17
VisualStudioVersion = 17.10.35201.131
MinimumVisualStudioVersion = 10.0.40219.1
Project("{9A19103F-16F7-4668-BE54-9A1E7A4F7556}") = "SFA.DAS.FAA.Application", "SFA.DAS.FAA.Application\SFA.DAS.FAA.Application.csproj", "{8C777B76-0CD5-4391-9C6F-32FA7FF844C5}"
EndProject
Project("{2150E333-8FDC-42A3-9474-1A3956D46DE8}") = "Tests", "Tests", "{F85E3315-28E3-4348-ABE5-E3E6634205E5}"
EndProject
Project("{9A19103F-16F7-4668-BE54-9A1E7A4F7556}") = "SFA.DAS.FAA.Application.UnitTests", "SFA.DAS.FAA.Application.UnitTests\SFA.DAS.FAA.Application.UnitTests.csproj", "{4ED22491-E112-4A28-AD35-B189917F9665}"
EndProject
Project("{9A19103F-16F7-4668-BE54-9A1E7A4F7556}") = "SFA.DAS.FAA.Api", "SFA.DAS.FAA.Api\SFA.DAS.FAA.Api.csproj", "{61D8B52B-B986-4A0B-ABA4-E5F4C1E1C349}"
EndProject
Project("{9A19103F-16F7-4668-BE54-9A1E7A4F7556}") = "SFA.DAS.FAA.Domain", "SFA.DAS.FAA.Domain\SFA.DAS.FAA.Domain.csproj", "{806148B5-0C7B-4155-B66E-F8CE98CE36DA}"
EndProject
Project("{9A19103F-16F7-4668-BE54-9A1E7A4F7556}") = "SFA.DAS.FAA.Data", "SFA.DAS.FAA.Data\SFA.DAS.FAA.Data.csproj", "{E39B9002-EF61-452B-BD45-FBDBEA07B966}"
EndProject
Project("{9A19103F-16F7-4668-BE54-9A1E7A4F7556}") = "SFA.DAS.FAA.Data.UnitTests", "SFA.DAS.FAA.Data.UnitTests\SFA.DAS.FAA.Data.UnitTests.csproj", "{AAC86D31-5D90-4798-B7A5-F87FFE9E11CA}"
EndProject
Project("{9A19103F-16F7-4668-BE54-9A1E7A4F7556}") = "SFA.DAS.FAA.Api.UnitTests", "SFA.DAS.FAA.Api.UnitTests\SFA.DAS.FAA.Api.UnitTests.csproj", "{2116510C-09BD-40E8-B177-8F08868D2924}"
EndProject
Project("{FAE04EC0-301F-11D3-BF4B-00C04F79EFBC}") = "SFA.DAS.FAA.Database", "SFA.DAS.FAA.Database\SFA.DAS.FAA.Database.csproj", "{5825B4E5-0DCF-4D68-ACAF-570AB3072671}"
EndProject
Global
	GlobalSection(SolutionConfigurationPlatforms) = preSolution
		Debug|Any CPU = Debug|Any CPU
		Release|Any CPU = Release|Any CPU
	EndGlobalSection
	GlobalSection(ProjectConfigurationPlatforms) = postSolution
		{8C777B76-0CD5-4391-9C6F-32FA7FF844C5}.Debug|Any CPU.ActiveCfg = Debug|Any CPU
		{8C777B76-0CD5-4391-9C6F-32FA7FF844C5}.Debug|Any CPU.Build.0 = Debug|Any CPU
		{8C777B76-0CD5-4391-9C6F-32FA7FF844C5}.Release|Any CPU.ActiveCfg = Release|Any CPU
		{8C777B76-0CD5-4391-9C6F-32FA7FF844C5}.Release|Any CPU.Build.0 = Release|Any CPU
		{4ED22491-E112-4A28-AD35-B189917F9665}.Debug|Any CPU.ActiveCfg = Debug|Any CPU
		{4ED22491-E112-4A28-AD35-B189917F9665}.Debug|Any CPU.Build.0 = Debug|Any CPU
		{4ED22491-E112-4A28-AD35-B189917F9665}.Release|Any CPU.ActiveCfg = Release|Any CPU
		{4ED22491-E112-4A28-AD35-B189917F9665}.Release|Any CPU.Build.0 = Release|Any CPU
		{61D8B52B-B986-4A0B-ABA4-E5F4C1E1C349}.Debug|Any CPU.ActiveCfg = Debug|Any CPU
		{61D8B52B-B986-4A0B-ABA4-E5F4C1E1C349}.Debug|Any CPU.Build.0 = Debug|Any CPU
		{61D8B52B-B986-4A0B-ABA4-E5F4C1E1C349}.Release|Any CPU.ActiveCfg = Release|Any CPU
		{61D8B52B-B986-4A0B-ABA4-E5F4C1E1C349}.Release|Any CPU.Build.0 = Release|Any CPU
		{806148B5-0C7B-4155-B66E-F8CE98CE36DA}.Debug|Any CPU.ActiveCfg = Debug|Any CPU
		{806148B5-0C7B-4155-B66E-F8CE98CE36DA}.Debug|Any CPU.Build.0 = Debug|Any CPU
		{806148B5-0C7B-4155-B66E-F8CE98CE36DA}.Release|Any CPU.ActiveCfg = Release|Any CPU
		{806148B5-0C7B-4155-B66E-F8CE98CE36DA}.Release|Any CPU.Build.0 = Release|Any CPU
		{E39B9002-EF61-452B-BD45-FBDBEA07B966}.Debug|Any CPU.ActiveCfg = Debug|Any CPU
		{E39B9002-EF61-452B-BD45-FBDBEA07B966}.Debug|Any CPU.Build.0 = Debug|Any CPU
		{E39B9002-EF61-452B-BD45-FBDBEA07B966}.Release|Any CPU.ActiveCfg = Release|Any CPU
		{E39B9002-EF61-452B-BD45-FBDBEA07B966}.Release|Any CPU.Build.0 = Release|Any CPU
		{AAC86D31-5D90-4798-B7A5-F87FFE9E11CA}.Debug|Any CPU.ActiveCfg = Debug|Any CPU
		{AAC86D31-5D90-4798-B7A5-F87FFE9E11CA}.Debug|Any CPU.Build.0 = Debug|Any CPU
		{AAC86D31-5D90-4798-B7A5-F87FFE9E11CA}.Release|Any CPU.ActiveCfg = Release|Any CPU
		{AAC86D31-5D90-4798-B7A5-F87FFE9E11CA}.Release|Any CPU.Build.0 = Release|Any CPU
		{2116510C-09BD-40E8-B177-8F08868D2924}.Debug|Any CPU.ActiveCfg = Debug|Any CPU
		{2116510C-09BD-40E8-B177-8F08868D2924}.Debug|Any CPU.Build.0 = Debug|Any CPU
		{2116510C-09BD-40E8-B177-8F08868D2924}.Release|Any CPU.ActiveCfg = Release|Any CPU
		{2116510C-09BD-40E8-B177-8F08868D2924}.Release|Any CPU.Build.0 = Release|Any CPU
		{5825B4E5-0DCF-4D68-ACAF-570AB3072671}.Debug|Any CPU.ActiveCfg = Debug|Any CPU
		{5825B4E5-0DCF-4D68-ACAF-570AB3072671}.Debug|Any CPU.Build.0 = Debug|Any CPU
		{5825B4E5-0DCF-4D68-ACAF-570AB3072671}.Release|Any CPU.ActiveCfg = Release|Any CPU
		{5825B4E5-0DCF-4D68-ACAF-570AB3072671}.Release|Any CPU.Build.0 = Release|Any CPU
	EndGlobalSection
	GlobalSection(SolutionProperties) = preSolution
		HideSolutionNode = FALSE
	EndGlobalSection
	GlobalSection(NestedProjects) = preSolution
		{4ED22491-E112-4A28-AD35-B189917F9665} = {F85E3315-28E3-4348-ABE5-E3E6634205E5}
		{AAC86D31-5D90-4798-B7A5-F87FFE9E11CA} = {F85E3315-28E3-4348-ABE5-E3E6634205E5}
		{2116510C-09BD-40E8-B177-8F08868D2924} = {F85E3315-28E3-4348-ABE5-E3E6634205E5}
	EndGlobalSection
	GlobalSection(ExtensibilityGlobals) = postSolution
		SolutionGuid = {E67CA2E3-7AB6-4152-ABCE-69F3E1D3DF86}
	EndGlobalSection
EndGlobal
