
Microsoft Visual Studio Solution File, Format Version 12.00
Project("{FAE04EC0-301F-11D3-BF4B-00C04F79EFBC}") = "SFA.DAS.FAA.Application", "SFA.DAS.FAA.Application\SFA.DAS.FAA.Application.csproj", "{8C777B76-0CD5-4391-9C6F-32FA7FF844C5}"
EndProject
Project("{2150E333-8FDC-42A3-9474-1A3956D46DE8}") = "Tests", "Tests", "{F85E3315-28E3-4348-ABE5-E3E6634205E5}"
EndProject
Project("{FAE04EC0-301F-11D3-BF4B-00C04F79EFBC}") = "SFA.DAS.FAA.Application.UnitTests", "SFA.DAS.FAA.Application.UnitTests\SFA.DAS.FAA.Application.UnitTests.csproj", "{4ED22491-E112-4A28-AD35-B189917F9665}"
EndProject
Global
	GlobalSection(SolutionConfigurationPlatforms) = preSolution
		Debug|Any CPU = Debug|Any CPU
		Release|Any CPU = Release|Any CPU
	EndGlobalSection
	GlobalSection(ProjectConfigurationPlatforms) = postSolution
		{8C777B76-0CD5-4391-9C6F-32FA7FF844C5}.Debug|Any CPU.ActiveCfg = Debug|Any CPU
		{8C777B76-0CD5-4391-9C6F-32FA7FF844C5}.Debug|Any CPU.Build.0 = Debug|Any CPU
		{8C777B76-0CD5-4391-9C6F-32FA7FF844C5}.Release|Any CPU.ActiveCfg = Release|Any CPU
		{8C777B76-0CD5-4391-9C6F-32FA7FF844C5}.Release|Any CPU.Build.0 = Release|Any CPU
		{4ED22491-E112-4A28-AD35-B189917F9665}.Debug|Any CPU.ActiveCfg = Debug|Any CPU
		{4ED22491-E112-4A28-AD35-B189917F9665}.Debug|Any CPU.Build.0 = Debug|Any CPU
		{4ED22491-E112-4A28-AD35-B189917F9665}.Release|Any CPU.ActiveCfg = Release|Any CPU
		{4ED22491-E112-4A28-AD35-B189917F9665}.Release|Any CPU.Build.0 = Release|Any CPU
	EndGlobalSection
	GlobalSection(NestedProjects) = preSolution
		{4ED22491-E112-4A28-AD35-B189917F9665} = {F85E3315-28E3-4348-ABE5-E3E6634205E5}
	EndGlobalSection
EndGlobal
